{
  "name": "accountingcenternode",
  "version": "1.0.0",
  "lockfileVersion": 1,
  "requires": true,
  "dependencies": {
    "axios": {
      "version": "0.18.0",
      "resolved": "http://registry.npm.taobao.org/axios/download/axios-0.18.0.tgz",
      "dependencies": {
        "follow-redirects": {
          "version": "http://registry.npm.taobao.org/follow-redirects/download/follow-redirects-1.6.1.tgz"
        },
        "is-buffer": {
          "version": "http://registry.npm.taobao.org/is-buffer/download/is-buffer-1.1.6.tgz"
        }
      }
    },
    "body-parser": {
      "version": "1.18.3",
      "resolved": "http://registry.npm.taobao.org/body-parser/download/body-parser-1.18.3.tgz",
      "requires": {
        "on-finished": "~2.3.0",
        "type-is": "~1.6.16"
      },
      "dependencies": {
        "bytes": {
          "version": "http://registry.npm.taobao.org/bytes/download/bytes-3.0.0.tgz"
        },
        "content-type": {
          "version": "http://registry.npm.taobao.org/content-type/download/content-type-1.0.4.tgz"
        },
        "debug": {
          "version": "http://registry.npm.taobao.org/debug/download/debug-2.6.9.tgz",
          "dependencies": {
            "ms": {
              "version": "http://registry.npm.taobao.org/ms/download/ms-2.0.0.tgz"
            }
          }
        },
        "depd": {
          "version": "http://registry.npm.taobao.org/depd/download/depd-1.1.2.tgz"
        },
        "http-errors": {
          "version": "http://registry.npm.taobao.org/http-errors/download/http-errors-1.6.3.tgz"
        },
        "iconv-lite": {
          "version": "http://registry.npm.taobao.org/iconv-lite/download/iconv-lite-0.4.23.tgz",
          "dependencies": {
            "safer-buffer": {
              "version": "http://registry.npm.taobao.org/safer-buffer/download/safer-buffer-2.1.2.tgz",
              "bundled": true
            }
          }
        },
        "on-finished": {
          "version": "http://registry.npm.taobao.org/on-finished/download/on-finished-2.3.0.tgz"
        },
        "qs": {
          "version": "http://registry.npm.taobao.org/qs/download/qs-6.5.2.tgz"
        },
        "raw-body": {
          "version": "http://registry.npm.taobao.org/raw-body/download/raw-body-2.3.3.tgz"
        },
        "type-is": {
          "version": "http://registry.npm.taobao.org/type-is/download/type-is-1.6.16.tgz"
        }
      }
    },
    "concat-stream": {
      "version": "1.6.2",
      "resolved": "http://registry.npm.taobao.org/concat-stream/download/concat-stream-1.6.2.tgz",
      "requires": {
        "inherits": "^2.0.3"
      },
      "dependencies": {
        "buffer-from": {
          "version": "http://registry.npm.taobao.org/buffer-from/download/buffer-from-1.1.1.tgz",
          "bundled": true
        },
        "inherits": {
          "version": "http://registry.npm.taobao.org/inherits/download/inherits-2.0.3.tgz",
          "bundled": true
        },
        "readable-stream": {
          "version": "http://registry.npm.taobao.org/readable-stream/download/readable-stream-2.3.6.tgz",
          "bundled": true
        },
        "typedarray": {
          "version": "http://registry.npm.taobao.org/typedarray/download/typedarray-0.0.6.tgz",
          "bundled": true
        }
      }
    },
    "connect-cas": {
      "version": "1.8.1",
      "resolved": "http://registry.npm.taobao.org/connect-cas/download/connect-cas-1.8.1.tgz",
      "dependencies": {
        "http-status-codes": {
          "version": "http://registry.npm.taobao.org/http-status-codes/download/http-status-codes-1.3.0.tgz",
          "bundled": true
        },
        "lodash": {
          "version": "http://registry.npm.taobao.org/lodash/download/lodash-2.4.2.tgz",
          "bundled": true
        },
        "q": {
          "version": "http://registry.npm.taobao.org/q/download/q-1.0.1.tgz",
          "bundled": true
        },
        "request": {
          "version": "http://registry.npm.taobao.org/request/download/request-2.81.0.tgz",
          "bundled": true
        },
        "xml2js": {
          "version": "http://registry.npm.taobao.org/xml2js/download/xml2js-0.4.19.tgz",
          "bundled": true
        }
      }
    },
    "connect-multiparty": {
      "version": "2.2.0",
      "resolved": "http://registry.npm.taobao.org/connect-multiparty/download/connect-multiparty-2.2.0.tgz",
      "requires": {
        "on-finished": "~2.3.0",
        "type-is": "~1.6.16"
      },
      "dependencies": {
        "http-errors": {
          "version": "http://registry.npm.taobao.org/http-errors/download/http-errors-1.7.1.tgz"
        },
        "multiparty": {
          "version": "http://registry.npm.taobao.org/multiparty/download/multiparty-4.2.1.tgz"
        },
        "on-finished": {
          "version": "http://registry.npm.taobao.org/on-finished/download/on-finished-2.3.0.tgz",
          "dependencies": {
            "ee-first": {
              "version": "http://registry.npm.taobao.org/ee-first/download/ee-first-1.1.1.tgz",
              "bundled": true
            }
          }
        },
        "qs": {
          "version": "http://registry.npm.taobao.org/qs/download/qs-6.5.2.tgz"
        },
        "type-is": {
          "version": "http://registry.npm.taobao.org/type-is/download/type-is-1.6.16.tgz",
          "dependencies": {
            "media-typer": {
              "version": "http://registry.npm.taobao.org/media-typer/download/media-typer-0.3.0.tgz",
              "bundled": true
            },
            "mime-types": {
              "version": "http://registry.npm.taobao.org/mime-types/download/mime-types-2.1.21.tgz",
              "bundled": true,
              "dependencies": {
                "mime-db": {
                  "version": "http://registry.npm.taobao.org/mime-db/download/mime-db-1.37.0.tgz"
                }
              }
            }
          }
        }
      }
    },
    "cookie": {
      "version": "0.3.1",
      "resolved": "http://registry.npm.taobao.org/cookie/download/cookie-0.3.1.tgz"
    },
    "cookie-parser": {
      "version": "1.4.3",
      "resolved": "http://registry.npm.taobao.org/cookie-parser/download/cookie-parser-1.4.3.tgz",
      "requires": {
        "cookie": "0.3.1"
      },
      "dependencies": {
        "cookie": {
          "version": "http://registry.npm.taobao.org/cookie/download/cookie-0.3.1.tgz",
          "bundled": true
        },
        "cookie-signature": {
          "version": "http://registry.npm.taobao.org/cookie-signature/download/cookie-signature-1.0.6.tgz",
          "bundled": true
        }
      }
    },
    "cookie-session": {
      "version": "2.0.0-beta.3",
      "resolved": "http://registry.npm.taobao.org/cookie-session/download/cookie-session-2.0.0-beta.3.tgz",
      "dependencies": {
        "cookies": {
          "version": "http://registry.npm.taobao.org/cookies/download/cookies-0.7.1.tgz"
        },
        "debug": {
          "version": "http://registry.npm.taobao.org/debug/download/debug-3.1.0.tgz",
          "dependencies": {
            "ms": {
              "version": "http://registry.npm.taobao.org/ms/download/ms-2.0.0.tgz"
            }
          }
        },
        "on-headers": {
          "version": "http://registry.npm.taobao.org/on-headers/download/on-headers-1.0.1.tgz"
        },
        "safe-buffer": {
          "version": "http://registry.npm.taobao.org/safe-buffer/download/safe-buffer-5.1.1.tgz"
        }
      }
    },
    "cors": {
      "version": "2.8.5",
      "resolved": "http://registry.npm.taobao.org/cors/download/cors-2.8.5.tgz",
      "dependencies": {
        "object-assign": {
          "version": "http://registry.npm.taobao.org/object-assign/download/object-assign-4.1.1.tgz",
          "bundled": true
        },
        "vary": {
          "version": "http://registry.npm.taobao.org/vary/download/vary-1.1.2.tgz",
          "bundled": true
        }
      }
    },
    "crypto": {
      "version": "1.0.1",
      "resolved": "http://registry.npm.taobao.org/crypto/download/crypto-1.0.1.tgz"
    },
    "ejs": {
      "version": "2.6.1",
      "resolved": "http://registry.npm.taobao.org/ejs/download/ejs-2.6.1.tgz"
    },
    "espress": {
      "version": "0.0.0",
      "resolved": "http://registry.npm.taobao.org/espress/download/espress-0.0.0.tgz"
    },
    "express-session": {
      "version": "1.15.6",
      "resolved": "http://registry.npm.taobao.org/express-session/download/express-session-1.15.6.tgz",
      "requires": {
        "cookie": "0.3.1"
      },
      "dependencies": {
        "cookie": {
          "version": "http://registry.npm.taobao.org/cookie/download/cookie-0.3.1.tgz",
          "bundled": true
        },
        "cookie-signature": {
          "version": "http://registry.npm.taobao.org/cookie-signature/download/cookie-signature-1.0.6.tgz",
          "bundled": true
        },
        "crc": {
          "version": "http://registry.npm.taobao.org/crc/download/crc-3.4.4.tgz",
          "bundled": true
        },
        "debug": {
          "version": "http://registry.npm.taobao.org/debug/download/debug-2.6.9.tgz",
          "bundled": true
        },
        "depd": {
          "version": "http://registry.npm.taobao.org/depd/download/depd-1.1.2.tgz",
          "bundled": true
        },
        "on-headers": {
          "version": "http://registry.npm.taobao.org/on-headers/download/on-headers-1.0.1.tgz",
          "bundled": true
        },
        "parseurl": {
          "version": "http://registry.npm.taobao.org/parseurl/download/parseurl-1.3.2.tgz",
          "bundled": true
        },
        "uid-safe": {
          "version": "http://registry.npm.taobao.org/uid-safe/download/uid-safe-2.1.5.tgz",
          "bundled": true,
          "dependencies": {
            "random-bytes": {
              "version": "http://registry.npm.taobao.org/random-bytes/download/random-bytes-1.0.0.tgz"
            }
          }
        },
        "utils-merge": {
          "version": "http://registry.npm.taobao.org/utils-merge/download/utils-merge-1.0.1.tgz",
          "bundled": true
        }
      }
    },
    "form-data": {
      "version": "2.3.3",
      "resolved": "http://registry.npm.taobao.org/form-data/download/form-data-2.3.3.tgz",
      "dependencies": {
        "asynckit": {
          "version": "http://registry.npm.taobao.org/asynckit/download/asynckit-0.4.0.tgz"
        },
        "combined-stream": {
          "version": "http://registry.npm.taobao.org/combined-stream/download/combined-stream-1.0.7.tgz",
          "dependencies": {
            "delayed-stream": {
              "version": "http://registry.npm.taobao.org/delayed-stream/download/delayed-stream-1.0.0.tgz",
              "bundled": true
            }
          }
        },
        "mime-types": {
          "version": "http://registry.npm.taobao.org/mime-types/download/mime-types-2.1.21.tgz",
          "dependencies": {
            "mime-db": {
              "version": "http://registry.npm.taobao.org/mime-db/download/mime-db-1.37.0.tgz"
            }
          }
        }
      }
    },
    "inherits": {
      "version": "2.0.3",
      "resolved": "http://registry.npm.taobao.org/inherits/download/inherits-2.0.3.tgz"
    },
    "multer": {
      "version": "1.4.1",
      "resolved": "http://registry.npm.taobao.org/multer/download/multer-1.4.1.tgz",
      "integrity": "sha1-JLEqQWoi/sKt6BBTkYS/E4cgFZ4=",
      "requires": {
        "append-field": "^1.0.0",
        "busboy": "^0.2.11",
        "concat-stream": "^1.5.2",
        "mkdirp": "^0.5.1",
        "object-assign": "^4.1.1",
        "on-finished": "^2.3.0",
        "type-is": "^1.6.4",
        "xtend": "^4.0.0"
      },
      "dependencies": {
        "append-field": {
          "version": "1.0.0",
          "resolved": "http://registry.npm.taobao.org/append-field/download/append-field-1.0.0.tgz",
          "integrity": "sha1-HjRA6RXwsSA9I3SOeO3XubW0PlY="
        },
        "busboy": {
          "version": "0.2.14",
          "resolved": "http://registry.npm.taobao.org/busboy/download/busboy-0.2.14.tgz",
          "integrity": "sha1-bCpiLvz0fFe7vh4qnDetNseSVFM=",
          "requires": {
            "dicer": "0.2.5",
            "readable-stream": "1.1.x"
          }
        },
        "core-util-is": {
          "version": "1.0.2",
          "resolved": "http://registry.npm.taobao.org/core-util-is/download/core-util-is-1.0.2.tgz",
          "integrity": "sha1-tf1UIgqivFq1eqtxQMlAdUUDwac="
        },
        "dicer": {
          "version": "0.2.5",
          "resolved": "http://registry.npm.taobao.org/dicer/download/dicer-0.2.5.tgz",
          "integrity": "sha1-WZbAhrszIYyBLAkL3cCc0S+stw8=",
          "requires": {
            "readable-stream": "1.1.x",
            "streamsearch": "0.1.2"
          }
        },
        "isarray": {
          "version": "0.0.1",
          "resolved": "http://registry.npm.taobao.org/isarray/download/isarray-0.0.1.tgz",
          "integrity": "sha1-ihis/Kmo9Bd+Cav8YDiTmwXR7t8="
        },
        "minimist": {
          "version": "0.0.8",
          "resolved": "http://registry.npm.taobao.org/minimist/download/minimist-0.0.8.tgz",
          "integrity": "sha1-hX/Kv8M5fSYluCKCYuhqp6ARsF0="
        },
        "mkdirp": {
          "version": "0.5.1",
          "resolved": "http://registry.npm.taobao.org/mkdirp/download/mkdirp-0.5.1.tgz",
          "integrity": "sha1-MAV0OOrGz3+MR2fzhkjWaX11yQM=",
          "requires": {
            "minimist": "0.0.8"
          }
        },
        "object-assign": {
          "version": "4.1.1",
          "resolved": "http://registry.npm.taobao.org/object-assign/download/object-assign-4.1.1.tgz",
          "integrity": "sha1-IQmtx5ZYh8/AXLvUQsrIv7s2CGM="
        },
        "readable-stream": {
          "version": "1.1.14",
          "resolved": "http://registry.npm.taobao.org/readable-stream/download/readable-stream-1.1.14.tgz",
          "integrity": "sha1-fPTFTvZI44EwhMY23SB54WbAgdk=",
          "requires": {
            "core-util-is": "~1.0.0",
            "inherits": "~2.0.1",
            "isarray": "0.0.1",
            "string_decoder": "~0.10.x"
          }
        },
        "streamsearch": {
          "version": "0.1.2",
          "resolved": "http://registry.npm.taobao.org/streamsearch/download/streamsearch-0.1.2.tgz",
          "integrity": "sha1-gIudDlb8Jz2Am6VzOOkpkZoanxo="
        },
        "string_decoder": {
          "version": "0.10.31",
          "resolved": "http://registry.npm.taobao.org/string_decoder/download/string_decoder-0.10.31.tgz",
          "integrity": "sha1-YuIDvEF2bGwoyfyEMB2rHFMQ+pQ="
        },
        "xtend": {
          "version": "4.0.1",
          "resolved": "http://registry.npm.taobao.org/xtend/download/xtend-4.0.1.tgz",
          "integrity": "sha1-pcbVMr5lbiPbgg77lDofBJmNY68="
        }
      }
    },
    "mysql": {
      "version": "2.16.0",
      "resolved": "http://registry.npm.taobao.org/mysql/download/mysql-2.16.0.tgz",
      "dependencies": {
        "bignumber.js": {
          "version": "http://registry.npm.taobao.org/bignumber.js/download/bignumber.js-4.1.0.tgz",
          "bundled": true
        },
        "readable-stream": {
          "version": "http://registry.npm.taobao.org/readable-stream/download/readable-stream-2.3.6.tgz",
          "bundled": true,
          "dependencies": {
            "core-util-is": {
              "version": "http://registry.npm.taobao.org/core-util-is/download/core-util-is-1.0.2.tgz"
            },
            "inherits": {
              "version": "http://registry.npm.taobao.org/inherits/download/inherits-2.0.3.tgz"
            },
            "isarray": {
              "version": "http://registry.npm.taobao.org/isarray/download/isarray-1.0.0.tgz"
            },
            "process-nextick-args": {
              "version": "http://registry.npm.taobao.org/process-nextick-args/download/process-nextick-args-2.0.0.tgz"
            },
            "safe-buffer": {
              "version": "http://registry.npm.taobao.org/safe-buffer/download/safe-buffer-5.1.2.tgz"
            },
            "string_decoder": {
              "version": "http://registry.npm.taobao.org/string_decoder/download/string_decoder-1.1.1.tgz"
            },
            "util-deprecate": {
              "version": "http://registry.npm.taobao.org/util-deprecate/download/util-deprecate-1.0.2.tgz"
            }
          }
        },
        "safe-buffer": {
          "version": "http://registry.npm.taobao.org/safe-buffer/download/safe-buffer-5.1.2.tgz",
          "bundled": true
        },
        "sqlstring": {
          "version": "http://registry.npm.taobao.org/sqlstring/download/sqlstring-2.3.1.tgz",
          "bundled": true
        }
      }
    },
    "on-finished": {
      "version": "2.3.0",
      "resolved": "http://registry.npm.taobao.org/on-finished/download/on-finished-2.3.0.tgz",
      "dependencies": {
        "ee-first": {
          "version": "http://registry.npm.taobao.org/ee-first/download/ee-first-1.1.1.tgz",
          "bundled": true
        }
      }
    },
    "type-is": {
      "version": "1.6.16",
      "resolved": "http://registry.npm.taobao.org/type-is/download/type-is-1.6.16.tgz",
      "dependencies": {
        "media-typer": {
          "version": "http://registry.npm.taobao.org/media-typer/download/media-typer-0.3.0.tgz",
          "bundled": true
        },
        "mime-types": {
          "version": "http://registry.npm.taobao.org/mime-types/download/mime-types-2.1.21.tgz",
          "bundled": true,
          "dependencies": {}
        }
      }
    }
  }
}
